{
    "_readme": [
        "This file locks the dependencies of your project to a known state",
        "Read more about it at http://getcomposer.org/doc/01-basic-usage.md#composer-lock-the-lock-file"
    ],
    "hash": "4e6c57e69b7ce5bd228e69b5a06c9a19",
    "packages": [
        {
            "name": "webignition/html-validation-error-normaliser",
            "version": "dev-master",
            "source": {
                "type": "git",
                "url": "https://github.com/webignition/html-validation-error-normaliser.git",
                "reference": "28a3459b43a4145cb3a84c6eeca835d0d25e1b35"
            },
            "dist": {
                "type": "zip",
                "url": "https://api.github.com/repos/webignition/html-validation-error-normaliser/zipball/28a3459b43a4145cb3a84c6eeca835d0d25e1b35",
                "reference": "28a3459b43a4145cb3a84c6eeca835d0d25e1b35",
                "shasum": ""
            },
            "require": {
                "php": ">=5.3.0"
            },
            "type": "library",
            "autoload": {
                "psr-0": {
                    "": "src/"
                }
            },
            "notification-url": "https://packagist.org/downloads/",
            "license": [
                "MIT"
            ],
            "authors": [
                {
                    "name": "Jon Cram",
                    "email": "jon@webignition.net"
                }
            ],
            "description": "Take an HTML validation error and get the normal form of it",
            "homepage": "https://github.com/webignition/html-validation-error-normaliser",
            "keywords": [
                "error",
                "html",
                "normaliser",
                "normalizer",
                "validation"
            ],
            "time": "2013-07-24 16:44:57"
        }
    ],
    "packages-dev": [

    ],
    "aliases": [

    ],
    "minimum-stability": "stable",
    "stability-flags": {
        "webignition/html-validation-error-normaliser": 20
    },
    "platform": {
        "php": ">=5.3.0"
    },
    "platform-dev": [

    ]
}
